
Microsoft Visual Studio Solution File, Format Version 12.00
# Visual Studio Version 17
VisualStudioVersion = 17.4.33122.133
MinimumVisualStudioVersion = 10.0.40219.1
Project("{FAE04EC0-301F-11D3-BF4B-00C04F79EFBC}") = "Konsol", "Konsol\Konsol.csproj", "{93D7C568-9F69-402E-A574-8BE8AF9A9225}"
EndProject
Global
	GlobalSection(SolutionConfigurationPlatforms) = preSolution
		Debug|Any CPU = Debug|Any CPU
		Release|Any CPU = Release|Any CPU
	EndGlobalSection
	GlobalSection(ProjectConfigurationPlatforms) = postSolution
		{93D7C568-9F69-402E-A574-8BE8AF9A9225}.Debug|Any CPU.ActiveCfg = Debug|Any CPU
		{93D7C568-9F69-402E-A574-8BE8AF9A9225}.Debug|Any CPU.Build.0 = Debug|Any CPU
		{93D7C568-9F69-402E-A574-8BE8AF9A9225}.Release|Any CPU.ActiveCfg = Release|Any CPU
		{93D7C568-9F69-402E-A574-8BE8AF9A9225}.Release|Any CPU.Build.0 = Release|Any CPU
	EndGlobalSection
	GlobalSection(SolutionProperties) = preSolution
		HideSolutionNode = FALSE
	EndGlobalSection
	GlobalSection(ExtensibilityGlobals) = postSolution
		SolutionGuid = {9BDB0F1C-0D08-43F0-B50F-5037587C4A1B}
	EndGlobalSection
EndGlobal
